
Microsoft Visual Studio Solution File, Format Version 12.00
# Visual Studio Version 17
VisualStudioVersion = 17.0.31903.59
MinimumVisualStudioVersion = 10.0.40219.1
Project("{2150E333-8FDC-42A3-9474-1A3956D46DE8}") = "src", "src", "{A3B22B43-3C6F-469D-BED5-EBA99540B934}"
EndProject
Project("{FAE04EC0-301F-11D3-BF4B-00C04F79EFBC}") = "SMGEditor.Core", "src\SMGEditor.Core\SMGEditor.Core.csproj", "{ABB73103-813E-47F3-81A7-695ED0C504A0}"
EndProject
Project("{FAE04EC0-301F-11D3-BF4B-00C04F79EFBC}") = "SMGEditor.Cli", "src\SMGEditor.Cli\SMGEditor.Cli.csproj", "{7CC94762-4DCF-4D32-B320-B154558D7CD5}"
EndProject
Project("{FAE04EC0-301F-11D3-BF4B-00C04F79EFBC}") = "SMGEditor.Viewer", "src\SMGEditor.Viewer\SMGEditor.Viewer.csproj", "{6F8392B8-8E9C-4A22-AF98-DF9D555379E7}"
EndProject
Project("{FAE04EC0-301F-11D3-BF4B-00C04F79EFBC}") = "SMGEditor.Editor", "src\SMGEditor.Editor\SMGEditor.Editor.csproj", "{6DAA225B-9EE3-45CE-BC61-F744B2D2474C}"
EndProject
Project("{FAE04EC0-301F-11D3-BF4B-00C04F79EFBC}") = "SMGEditor.Tools", "src\SMGEditor.Tools\SMGEditor.Tools.csproj", "{98FC5C98-E7B6-406C-ABFF-E9E05914E47D}"
EndProject
Project("{FAE04EC0-301F-11D3-BF4B-00C04F79EFBC}") = "SMGEditor.PluginApi", "src\SMGEditor.PluginApi\SMGEditor.PluginApi.csproj", "{EB5EBC28-E40D-479D-9DF0-B7FA824C7FA8}"
EndProject
Project("{FAE04EC0-301F-11D3-BF4B-00C04F79EFBC}") = "SMGEditor.L10nExtract", "src\SMGEditor.L10nExtract\SMGEditor.L10nExtract.csproj", "{319D5016-B93E-459B-9E75-CEC42DB74A02}"
EndProject
Global
	GlobalSection(SolutionConfigurationPlatforms) = preSolution
		Debug|Any CPU = Debug|Any CPU
		Release|Any CPU = Release|Any CPU
	EndGlobalSection
	GlobalSection(SolutionProperties) = preSolution
		HideSolutionNode = FALSE
	EndGlobalSection
	GlobalSection(ProjectConfigurationPlatforms) = postSolution
		{ABB73103-813E-47F3-81A7-695ED0C504A0}.Debug|Any CPU.ActiveCfg = Debug|Any CPU
		{ABB73103-813E-47F3-81A7-695ED0C504A0}.Debug|Any CPU.Build.0 = Debug|Any CPU
		{ABB73103-813E-47F3-81A7-695ED0C504A0}.Release|Any CPU.ActiveCfg = Release|Any CPU
		{ABB73103-813E-47F3-81A7-695ED0C504A0}.Release|Any CPU.Build.0 = Release|Any CPU
		{7CC94762-4DCF-4D32-B320-B154558D7CD5}.Debug|Any CPU.ActiveCfg = Debug|Any CPU
		{7CC94762-4DCF-4D32-B320-B154558D7CD5}.Debug|Any CPU.Build.0 = Debug|Any CPU
		{7CC94762-4DCF-4D32-B320-B154558D7CD5}.Release|Any CPU.ActiveCfg = Release|Any CPU
		{7CC94762-4DCF-4D32-B320-B154558D7CD5}.Release|Any CPU.Build.0 = Release|Any CPU
		{6F8392B8-8E9C-4A22-AF98-DF9D555379E7}.Debug|Any CPU.ActiveCfg = Debug|Any CPU
		{6F8392B8-8E9C-4A22-AF98-DF9D555379E7}.Debug|Any CPU.Build.0 = Debug|Any CPU
		{6F8392B8-8E9C-4A22-AF98-DF9D555379E7}.Release|Any CPU.ActiveCfg = Release|Any CPU
		{6F8392B8-8E9C-4A22-AF98-DF9D555379E7}.Release|Any CPU.Build.0 = Release|Any CPU
		{6DAA225B-9EE3-45CE-BC61-F744B2D2474C}.Debug|Any CPU.ActiveCfg = Debug|Any CPU
		{6DAA225B-9EE3-45CE-BC61-F744B2D2474C}.Debug|Any CPU.Build.0 = Debug|Any CPU
		{6DAA225B-9EE3-45CE-BC61-F744B2D2474C}.Release|Any CPU.ActiveCfg = Release|Any CPU
		{6DAA225B-9EE3-45CE-BC61-F744B2D2474C}.Release|Any CPU.Build.0 = Release|Any CPU
		{98FC5C98-E7B6-406C-ABFF-E9E05914E47D}.Debug|Any CPU.ActiveCfg = Debug|Any CPU
		{98FC5C98-E7B6-406C-ABFF-E9E05914E47D}.Debug|Any CPU.Build.0 = Debug|Any CPU
		{98FC5C98-E7B6-406C-ABFF-E9E05914E47D}.Release|Any CPU.ActiveCfg = Release|Any CPU
		{98FC5C98-E7B6-406C-ABFF-E9E05914E47D}.Release|Any CPU.Build.0 = Release|Any CPU
		{EB5EBC28-E40D-479D-9DF0-B7FA824C7FA8}.Debug|Any CPU.ActiveCfg = Debug|Any CPU
		{EB5EBC28-E40D-479D-9DF0-B7FA824C7FA8}.Debug|Any CPU.Build.0 = Debug|Any CPU
		{EB5EBC28-E40D-479D-9DF0-B7FA824C7FA8}.Release|Any CPU.ActiveCfg = Release|Any CPU
		{EB5EBC28-E40D-479D-9DF0-B7FA824C7FA8}.Release|Any CPU.Build.0 = Release|Any CPU
		{319D5016-B93E-459B-9E75-CEC42DB74A02}.Debug|Any CPU.ActiveCfg = Debug|Any CPU
		{319D5016-B93E-459B-9E75-CEC42DB74A02}.Debug|Any CPU.Build.0 = Debug|Any CPU
		{319D5016-B93E-459B-9E75-CEC42DB74A02}.Release|Any CPU.ActiveCfg = Release|Any CPU
		{319D5016-B93E-459B-9E75-CEC42DB74A02}.Release|Any CPU.Build.0 = Release|Any CPU
	EndGlobalSection
	GlobalSection(NestedProjects) = preSolution
		{ABB73103-813E-47F3-81A7-695ED0C504A0} = {A3B22B43-3C6F-469D-BED5-EBA99540B934}
		{7CC94762-4DCF-4D32-B320-B154558D7CD5} = {A3B22B43-3C6F-469D-BED5-EBA99540B934}
		{6F8392B8-8E9C-4A22-AF98-DF9D555379E7} = {A3B22B43-3C6F-469D-BED5-EBA99540B934}
		{6DAA225B-9EE3-45CE-BC61-F744B2D2474C} = {A3B22B43-3C6F-469D-BED5-EBA99540B934}
		{98FC5C98-E7B6-406C-ABFF-E9E05914E47D} = {A3B22B43-3C6F-469D-BED5-EBA99540B934}
		{EB5EBC28-E40D-479D-9DF0-B7FA824C7FA8} = {A3B22B43-3C6F-469D-BED5-EBA99540B934}
		{319D5016-B93E-459B-9E75-CEC42DB74A02} = {A3B22B43-3C6F-469D-BED5-EBA99540B934}
	EndGlobalSection
EndGlobal
